<Solution>
  <Folder Name="/src/">
    <Project Path="src/Night.Ms.AppHost/Night.Ms.AppHost.csproj" />
    <Project Path="src/Night.Ms.ServiceDefaults/Night.Ms.ServiceDefaults.csproj" />
    <Project Path="src/Night.Ms.SshServer/Night.Ms.SshServer.csproj" />
    <Project Path="src/Night.Ms.SshTransport/Night.Ms.SshTransport.csproj" />
  </Folder>
  <Folder Name="/tests/">
    <Project Path="tests/Night.Ms.SshTransport.Tests/Night.Ms.SshTransport.Tests.csproj" />
  </Folder>
</Solution>
